
Microsoft Visual Studio Solution File, Format Version 12.00
# Visual Studio Version 17
VisualStudioVersion = 17.5.33530.505
MinimumVisualStudioVersion = 10.0.40219.1
Project("{FAE04EC0-301F-11D3-BF4B-00C04F79EFBC}") = "ExoApi_turma15", "ExoApi_turma15\ExoApi_turma15.csproj", "{965F561B-0510-4439-AA2B-9DD527E08464}"
EndProject
Global
	GlobalSection(SolutionConfigurationPlatforms) = preSolution
		Debug|Any CPU = Debug|Any CPU
		Release|Any CPU = Release|Any CPU
	EndGlobalSection
	GlobalSection(ProjectConfigurationPlatforms) = postSolution
		{965F561B-0510-4439-AA2B-9DD527E08464}.Debug|Any CPU.ActiveCfg = Debug|Any CPU
		{965F561B-0510-4439-AA2B-9DD527E08464}.Debug|Any CPU.Build.0 = Debug|Any CPU
		{965F561B-0510-4439-AA2B-9DD527E08464}.Release|Any CPU.ActiveCfg = Release|Any CPU
		{965F561B-0510-4439-AA2B-9DD527E08464}.Release|Any CPU.Build.0 = Release|Any CPU
	EndGlobalSection
	GlobalSection(SolutionProperties) = preSolution
		HideSolutionNode = FALSE
	EndGlobalSection
	GlobalSection(ExtensibilityGlobals) = postSolution
		SolutionGuid = {859CC028-5C26-4575-9632-89B3F40839E3}
	EndGlobalSection
EndGlobal
